<?xml version="1.0" encoding="utf-8"?>
<Project ToolsVersion="4.0" xmlns="http://schemas.microsoft.com/developer/msbuild/2003">
  <ItemGroup>
    <Filter Include="src">
      <UniqueIdentifier>{1f922678-c967-491e-ac9b-94dd1226e001}</UniqueIdentifier>
    </Filter>
    <Filter Include="src\icon">
      <UniqueIdentifier>{524dc739-a6d5-4ff5-8d78-77dc23279969}</UniqueIdentifier>
    </Filter>
    <Filter Include="src\files">
      <UniqueIdentifier>{f43e6953-b724-41e9-9559-0eff0f9b46c3}</UniqueIdentifier>
    </Filter>
    <Filter Include="src\files\textures">
      <UniqueIdentifier>{d145a88c-6eb7-45ba-b426-42a6de7e71d5}</UniqueIdentifier>
    </Filter>
    <Filter Include="src\fonts">
      <UniqueIdentifier>{c172e317-9dbd-43b6-9b5c-9aaa3e28185f}</UniqueIdentifier>
    </Filter>
  </ItemGroup>
  <ItemGroup>
    <ClCompile Include="oxware_48_c.cpp">
      <Filter>src\icon</Filter>
    </ClCompile>
    <ClCompile Include="fonts\proggy_clean_c.cpp">
      <Filter>src\fonts</Filter>
    </ClCompile>
    <ClCompile Include="fonts\segoeui_c.cpp">
      <Filter>src\fonts</Filter>
    </ClCompile>
    <ClCompile Include="fonts\segoeuib_c.cpp">
      <Filter>src\fonts</Filter>
    </ClCompile>
    <ClCompile Include="fonts\segoeuil_c.cpp">
      <Filter>src\fonts</Filter>
    </ClCompile>
    <ClCompile Include="fonts\seguiemj_c.cpp">
      <Filter>src\fonts</Filter>
    </ClCompile>
    <ClCompile Include="fonts\compressed_font_data.cpp">
      <Filter>src\fonts</Filter>
    </ClCompile>
    <ClCompile Include="textures\checkerboard.cpp">
      <Filter>src\files\textures</Filter>
    </ClCompile>
    <ClCompile Include="textures\bot_pfp.cpp">
      <Filter>src\files\textures</Filter>
    </ClCompile>
    <ClCompile Include="textures\nonsteam_pfp.cpp">
      <Filter>src\files\textures</Filter>
    </ClCompile>
    <ClCompile Include="textures\invalid_pfp.cpp">
      <Filter>src\files\textures</Filter>
    </ClCompile>
    <ClCompile Include="textures\avatar_not_found.cpp">
      <Filter>src\files\textures</Filter>
    </ClCompile>
  </ItemGroup>
  <ItemGroup>
    <ClInclude Include="..\public\assets\fonts\compressed_font_data.h">
      <Filter>src\fonts</Filter>
    </ClInclude>
    <ClInclude Include="..\public\assets\fonts\compressed_png_data.h">
      <Filter>src\fonts</Filter>
    </ClInclude>
    <ClInclude Include="..\public\assets\textures.h">
      <Filter>src\files\textures</Filter>
    </ClInclude>
  </ItemGroup>
</Project>